// !$*UTF8*$!
{
	archiveVersion = 1;
	classes = {
	};
	objectVersion = 46;
	objects = {

/* Begin PBXBuildFile section */
		182820A1179AFFCB003125B5 /* main.cpp in Sources */ = {isa = PBXBuildFile; fileRef = 182820A0179AFFCB003125B5 /* main.cpp */; };
		183CE5AB17D2917200ADD5CE /* png.c in Sources */ = {isa = PBXBuildFile; fileRef = 183CE51817D2917200ADD5CE /* png.c */; };
		183CE5AC17D2917200ADD5CE /* pngerror.c in Sources */ = {isa = PBXBuildFile; fileRef = 183CE51D17D2917200ADD5CE /* pngerror.c */; };
		183CE5AD17D2917200ADD5CE /* pnggccrd.c in Sources */ = {isa = PBXBuildFile; fileRef = 183CE51E17D2917200ADD5CE /* pnggccrd.c */; };
		183CE5AE17D2917200ADD5CE /* pngget.c in Sources */ = {isa = PBXBuildFile; fileRef = 183CE51F17D2917200ADD5CE /* pngget.c */; };
		183CE5AF17D2917200ADD5CE /* pngmem.c in Sources */ = {isa = PBXBuildFile; fileRef = 183CE52017D2917200ADD5CE /* pngmem.c */; };
		183CE5B117D2917200ADD5CE /* pngread.c in Sources */ = {isa = PBXBuildFile; fileRef = 183CE52317D2917200ADD5CE /* pngread.c */; };
		183CE5B217D2917200ADD5CE /* pngrio.c in Sources */ = {isa = PBXBuildFile; fileRef = 183CE52417D2917200ADD5CE /* pngrio.c */; };
		183CE5B317D2917200ADD5CE /* pngrtran.c in Sources */ = {isa = PBXBuildFile; fileRef = 183CE52517D2917200ADD5CE /* pngrtran.c */; };
		183CE5B417D2917200ADD5CE /* pngrutil.c in Sources */ = {isa = PBXBuildFile; fileRef = 183CE52617D2917200ADD5CE /* pngrutil.c */; };
		183CE5B517D2917200ADD5CE /* pngset.c in Sources */ = {isa = PBXBuildFile; fileRef = 183CE52717D2917200ADD5CE /* pngset.c */; };
		183CE5B717D2917200ADD5CE /* pngtrans.c in Sources */ = {isa = PBXBuildFile; fileRef = 183CE52A17D2917200ADD5CE /* pngtrans.c */; };
		183CE5B817D2917200ADD5CE /* pngvcrd.c in Sources */ = {isa = PBXBuildFile; fileRef = 183CE52C17D2917200ADD5CE /* pngvcrd.c */; };
		183CE5B917D2917200ADD5CE /* pngwio.c in Sources */ = {isa = PBXBuildFile; fileRef = 183CE52D17D2917200ADD5CE /* pngwio.c */; };
		183CE5BA17D2917200ADD5CE /* pngwrite.c in Sources */ = {isa = PBXBuildFile; fileRef = 183CE52E17D2917200ADD5CE /* pngwrite.c */; };
		183CE5BB17D2917200ADD5CE /* pngwtran.c in Sources */ = {isa = PBXBuildFile; fileRef = 183CE52F17D2917200ADD5CE /* pngwtran.c */; };
		183CE5BC17D2917200ADD5CE /* pngwutil.c in Sources */ = {isa = PBXBuildFile; fileRef = 183CE53017D2917200ADD5CE /* pngwutil.c */; };
		183CE5C417D2924500ADD5CE /* pngpread.c in Sources */ = {isa = PBXBuildFile; fileRef = 183CE5C317D2924500ADD5CE /* pngpread.c */; };
		183CE5C617D2934C00ADD5CE /* libz.dylib in Frameworks */ = {isa = PBXBuildFile; fileRef = 183CE5C517D2934C00ADD5CE /* libz.dylib */; };
		183CE6B917D2DF2500ADD5CE /* CCImage.cpp in Sources */ = {isa = PBXBuildFile; fileRef = 183CE6B817D2DF2500ADD5CE /* CCImage.cpp */; };
		183CE6C017D2F76100ADD5CE /* CCTexture2D.cpp in Sources */ = {isa = PBXBuildFile; fileRef = 183CE6BE17D2F76000ADD5CE /* CCTexture2D.cpp */; };
		183CE6C717D34A6C00ADD5CE /* Image.cpp in Sources */ = {isa = PBXBuildFile; fileRef = 183CE6C517D34A6B00ADD5CE /* Image.cpp */; };
		18A2B6AE17C39A7B00C5F951 /* libv8_base.x64.a in Frameworks */ = {isa = PBXBuildFile; fileRef = 18A2B6AC17C39A7B00C5F951 /* libv8_base.x64.a */; };
		18A2B6AF17C39A7B00C5F951 /* libv8_snapshot.a in Frameworks */ = {isa = PBXBuildFile; fileRef = 18A2B6AD17C39A7B00C5F951 /* libv8_snapshot.a */; };
		18A6D24C17C7455D004931FD /* global.cpp in Sources */ = {isa = PBXBuildFile; fileRef = 18A6D24B17C7455C004931FD /* global.cpp */; };
		18A6D24E17C75CBE004931FD /* v8Utils.cpp in Sources */ = {isa = PBXBuildFile; fileRef = 18A6D24D17C75CBE004931FD /* v8Utils.cpp */; };
		18CE2CC217C6582C00B6DB8E /* Application.cpp in Sources */ = {isa = PBXBuildFile; fileRef = 18CE224817C6582800B6DB8E /* Application.cpp */; };
		18CE2CC317C6582C00B6DB8E /* ArrayBufferAllocator.cpp in Sources */ = {isa = PBXBuildFile; fileRef = 18CE224A17C6582800B6DB8E /* ArrayBufferAllocator.cpp */; };
		18CE2CCF17C6582C00B6DB8E /* file.cpp in Sources */ = {isa = PBXBuildFile; fileRef = 18CE227317C6582800B6DB8E /* file.cpp */; };
		18CE2CD017C6582C00B6DB8E /* NativeClass.cpp in Sources */ = {isa = PBXBuildFile; fileRef = 18CE227517C6582800B6DB8E /* NativeClass.cpp */; };
		18CE2CD117C6582C00B6DB8E /* bytebuffer.cpp in Sources */ = {isa = PBXBuildFile; fileRef = 18CE227917C6582800B6DB8E /* bytebuffer.cpp */; };
		18CE2CD217C6582C00B6DB8E /* ClassBase.cpp in Sources */ = {isa = PBXBuildFile; fileRef = 18CE227B17C6582800B6DB8E /* ClassBase.cpp */; };
		18CE2CD317C6582C00B6DB8E /* JSObject.cpp in Sources */ = {isa = PBXBuildFile; fileRef = 18CE227E17C6582800B6DB8E /* JSObject.cpp */; };
		18CE2CD417C6582C00B6DB8E /* array.cpp in Sources */ = {isa = PBXBuildFile; fileRef = 18CE228417C6582800B6DB8E /* array.cpp */; };
		18CE2CD517C6582C00B6DB8E /* glmopt.cpp in Sources */ = {isa = PBXBuildFile; fileRef = 18CE228717C6582800B6DB8E /* glmopt.cpp */; };
		18CE2CD817C6582C00B6DB8E /* Console.cpp in Sources */ = {isa = PBXBuildFile; fileRef = 18CE229217C6582800B6DB8E /* Console.cpp */; };
		18CE2CD917C6582C00B6DB8E /* GLBinding.cpp in Sources */ = {isa = PBXBuildFile; fileRef = 18CE229417C6582800B6DB8E /* GLBinding.cpp */; };
		18CE34AE17C6582D00B6DB8E /* arraybuffer.cpp in Sources */ = {isa = PBXBuildFile; fileRef = 18CE2CBA17C6582B00B6DB8E /* arraybuffer.cpp */; };
		18CE34AF17C6582D00B6DB8E /* arraybufferview.cpp in Sources */ = {isa = PBXBuildFile; fileRef = 18CE2CBC17C6582B00B6DB8E /* arraybufferview.cpp */; };
		18CE34B017C6582D00B6DB8E /* AssetUtil.cpp in Sources */ = {isa = PBXBuildFile; fileRef = 18CE2CC017C6582B00B6DB8E /* AssetUtil.cpp */; };
		18CE34B717C7B7E400B6DB8E /* Arguments.cpp in Sources */ = {isa = PBXBuildFile; fileRef = 18CE34B517C7B7E400B6DB8E /* Arguments.cpp */; };
		18DF8A7617DEB7EA007A2A31 /* gcobserver.cpp in Sources */ = {isa = PBXBuildFile; fileRef = 18DF8A7417DEB7EA007A2A31 /* gcobserver.cpp */; };
		18DF8A7917DED9FF007A2A31 /* TestGc.cpp in Sources */ = {isa = PBXBuildFile; fileRef = 18DF8A7717DED9FF007A2A31 /* TestGc.cpp */; };
		18DF8A7F17DF369E007A2A31 /* eventstructor.cpp in Sources */ = {isa = PBXBuildFile; fileRef = 18DF8A7D17DF369E007A2A31 /* eventstructor.cpp */; };
		18EDB76817B7698C002E00CE /* OpenGL.framework in Frameworks */ = {isa = PBXBuildFile; fileRef = 18EDB76717B7698C002E00CE /* OpenGL.framework */; };
		18EDB76A17B76992002E00CE /* GLUT.framework in Frameworks */ = {isa = PBXBuildFile; fileRef = 18EDB76917B76992002E00CE /* GLUT.framework */; };
/* End PBXBuildFile section */

/* Begin PBXCopyFilesBuildPhase section */
		1828209A179AFFCB003125B5 /* CopyFiles */ = {
			isa = PBXCopyFilesBuildPhase;
			buildActionMask = 2147483647;
			dstPath = /usr/share/man/man1/;
			dstSubfolderSpec = 0;
			files = (
			);
			runOnlyForDeploymentPostprocessing = 1;
		};
/* End PBXCopyFilesBuildPhase section */

/* Begin PBXFileReference section */
		1828209C179AFFCB003125B5 /* v8 */ = {isa = PBXFileReference; explicitFileType = "compiled.mach-o.executable"; includeInIndex = 0; path = v8; sourceTree = BUILT_PRODUCTS_DIR; };
		182820A0179AFFCB003125B5 /* main.cpp */ = {isa = PBXFileReference; lastKnownFileType = sourcecode.cpp.cpp; path = main.cpp; sourceTree = "<group>"; };
		183CE51817D2917200ADD5CE /* png.c */ = {isa = PBXFileReference; fileEncoding = 4; lastKnownFileType = sourcecode.c.c; path = png.c; sourceTree = "<group>"; };
		183CE51917D2917200ADD5CE /* png.h */ = {isa = PBXFileReference; fileEncoding = 4; lastKnownFileType = sourcecode.c.h; path = png.h; sourceTree = "<group>"; };
		183CE51C17D2917200ADD5CE /* pngconf.h */ = {isa = PBXFileReference; fileEncoding = 4; lastKnownFileType = sourcecode.c.h; path = pngconf.h; sourceTree = "<group>"; };
		183CE51D17D2917200ADD5CE /* pngerror.c */ = {isa = PBXFileReference; fileEncoding = 4; lastKnownFileType = sourcecode.c.c; path = pngerror.c; sourceTree = "<group>"; };
		183CE51E17D2917200ADD5CE /* pnggccrd.c */ = {isa = PBXFileReference; fileEncoding = 4; lastKnownFileType = sourcecode.c.c; path = pnggccrd.c; sourceTree = "<group>"; };
		183CE51F17D2917200ADD5CE /* pngget.c */ = {isa = PBXFileReference; fileEncoding = 4; lastKnownFileType = sourcecode.c.c; path = pngget.c; sourceTree = "<group>"; };
		183CE52017D2917200ADD5CE /* pngmem.c */ = {isa = PBXFileReference; fileEncoding = 4; lastKnownFileType = sourcecode.c.c; path = pngmem.c; sourceTree = "<group>"; };
		183CE52317D2917200ADD5CE /* pngread.c */ = {isa = PBXFileReference; fileEncoding = 4; lastKnownFileType = sourcecode.c.c; path = pngread.c; sourceTree = "<group>"; };
		183CE52417D2917200ADD5CE /* pngrio.c */ = {isa = PBXFileReference; fileEncoding = 4; lastKnownFileType = sourcecode.c.c; path = pngrio.c; sourceTree = "<group>"; };
		183CE52517D2917200ADD5CE /* pngrtran.c */ = {isa = PBXFileReference; fileEncoding = 4; lastKnownFileType = sourcecode.c.c; path = pngrtran.c; sourceTree = "<group>"; };
		183CE52617D2917200ADD5CE /* pngrutil.c */ = {isa = PBXFileReference; fileEncoding = 4; lastKnownFileType = sourcecode.c.c; path = pngrutil.c; sourceTree = "<group>"; };
		183CE52717D2917200ADD5CE /* pngset.c */ = {isa = PBXFileReference; fileEncoding = 4; lastKnownFileType = sourcecode.c.c; path = pngset.c; sourceTree = "<group>"; };
		183CE52A17D2917200ADD5CE /* pngtrans.c */ = {isa = PBXFileReference; fileEncoding = 4; lastKnownFileType = sourcecode.c.c; path = pngtrans.c; sourceTree = "<group>"; };
		183CE52B17D2917200ADD5CE /* pngusr.h */ = {isa = PBXFileReference; fileEncoding = 4; lastKnownFileType = sourcecode.c.h; path = pngusr.h; sourceTree = "<group>"; };
		183CE52C17D2917200ADD5CE /* pngvcrd.c */ = {isa = PBXFileReference; fileEncoding = 4; lastKnownFileType = sourcecode.c.c; path = pngvcrd.c; sourceTree = "<group>"; };
		183CE52D17D2917200ADD5CE /* pngwio.c */ = {isa = PBXFileReference; fileEncoding = 4; lastKnownFileType = sourcecode.c.c; path = pngwio.c; sourceTree = "<group>"; };
		183CE52E17D2917200ADD5CE /* pngwrite.c */ = {isa = PBXFileReference; fileEncoding = 4; lastKnownFileType = sourcecode.c.c; path = pngwrite.c; sourceTree = "<group>"; };
		183CE52F17D2917200ADD5CE /* pngwtran.c */ = {isa = PBXFileReference; fileEncoding = 4; lastKnownFileType = sourcecode.c.c; path = pngwtran.c; sourceTree = "<group>"; };
		183CE53017D2917200ADD5CE /* pngwutil.c */ = {isa = PBXFileReference; fileEncoding = 4; lastKnownFileType = sourcecode.c.c; path = pngwutil.c; sourceTree = "<group>"; };
		183CE5C317D2924500ADD5CE /* pngpread.c */ = {isa = PBXFileReference; fileEncoding = 4; lastKnownFileType = sourcecode.c.c; path = pngpread.c; sourceTree = "<group>"; };
		183CE5C517D2934C00ADD5CE /* libz.dylib */ = {isa = PBXFileReference; lastKnownFileType = "compiled.mach-o.dylib"; name = libz.dylib; path = usr/lib/libz.dylib; sourceTree = SDKROOT; };
		183CE6B817D2DF2500ADD5CE /* CCImage.cpp */ = {isa = PBXFileReference; fileEncoding = 4; lastKnownFileType = sourcecode.cpp.cpp; path = CCImage.cpp; sourceTree = "<group>"; };
		183CE6BE17D2F76000ADD5CE /* CCTexture2D.cpp */ = {isa = PBXFileReference; fileEncoding = 4; lastKnownFileType = sourcecode.cpp.cpp; path = CCTexture2D.cpp; sourceTree = "<group>"; };
		183CE6BF17D2F76000ADD5CE /* CCTexture2D.h */ = {isa = PBXFileReference; fileEncoding = 4; lastKnownFileType = sourcecode.c.h; path = CCTexture2D.h; sourceTree = "<group>"; };
		183CE6C517D34A6B00ADD5CE /* Image.cpp */ = {isa = PBXFileReference; fileEncoding = 4; lastKnownFileType = sourcecode.cpp.cpp; path = Image.cpp; sourceTree = "<group>"; };
		183CE6C617D34A6C00ADD5CE /* Image.h */ = {isa = PBXFileReference; fileEncoding = 4; lastKnownFileType = sourcecode.c.h; path = Image.h; sourceTree = "<group>"; };
		18A2B6AC17C39A7B00C5F951 /* libv8_base.x64.a */ = {isa = PBXFileReference; lastKnownFileType = archive.ar; name = libv8_base.x64.a; path = ../libv8_base.x64.a; sourceTree = "<group>"; };
		18A2B6AD17C39A7B00C5F951 /* libv8_snapshot.a */ = {isa = PBXFileReference; lastKnownFileType = archive.ar; name = libv8_snapshot.a; path = ../libv8_snapshot.a; sourceTree = "<group>"; };
		18A6D24A17C6FEBF004931FD /* clone.h */ = {isa = PBXFileReference; lastKnownFileType = sourcecode.c.h; path = clone.h; sourceTree = "<group>"; };
		18A6D24B17C7455C004931FD /* global.cpp */ = {isa = PBXFileReference; fileEncoding = 4; lastKnownFileType = sourcecode.cpp.cpp; path = global.cpp; sourceTree = "<group>"; };
		18A6D24D17C75CBE004931FD /* v8Utils.cpp */ = {isa = PBXFileReference; fileEncoding = 4; lastKnownFileType = sourcecode.cpp.cpp; path = v8Utils.cpp; sourceTree = "<group>"; };
		18AFB48917AE06A900B7AFDA /* libv8_base.x64.a */ = {isa = PBXFileReference; lastKnownFileType = archive.ar; name = libv8_base.x64.a; path = ../../git/node/deps/v8/out/x64.debug/libv8_base.x64.a; sourceTree = "<group>"; };
		18AFB48B17AE06A900B7AFDA /* libv8_snapshot.a */ = {isa = PBXFileReference; lastKnownFileType = archive.ar; name = libv8_snapshot.a; path = ../../git/node/deps/v8/out/x64.debug/libv8_snapshot.a; sourceTree = "<group>"; };
		18B3EA9317D1DEB6009E78A2 /* CCImage.h */ = {isa = PBXFileReference; fileEncoding = 4; lastKnownFileType = sourcecode.c.h; path = CCImage.h; sourceTree = "<group>"; };
		18CE224817C6582800B6DB8E /* Application.cpp */ = {isa = PBXFileReference; fileEncoding = 4; lastKnownFileType = sourcecode.cpp.cpp; path = Application.cpp; sourceTree = "<group>"; };
		18CE224917C6582800B6DB8E /* Application.h */ = {isa = PBXFileReference; fileEncoding = 4; lastKnownFileType = sourcecode.c.h; path = Application.h; sourceTree = "<group>"; };
		18CE224A17C6582800B6DB8E /* ArrayBufferAllocator.cpp */ = {isa = PBXFileReference; fileEncoding = 4; lastKnownFileType = sourcecode.cpp.cpp; path = ArrayBufferAllocator.cpp; sourceTree = "<group>"; };
		18CE224B17C6582800B6DB8E /* ArrayBufferAllocator.h */ = {isa = PBXFileReference; fileEncoding = 4; lastKnownFileType = sourcecode.c.h; path = ArrayBufferAllocator.h; sourceTree = "<group>"; };
		18CE224C17C6582800B6DB8E /* node.h */ = {isa = PBXFileReference; fileEncoding = 4; lastKnownFileType = sourcecode.c.h; path = node.h; sourceTree = "<group>"; };
		18CE227217C6582800B6DB8E /* classenum.h */ = {isa = PBXFileReference; fileEncoding = 4; lastKnownFileType = sourcecode.c.h; path = classenum.h; sourceTree = "<group>"; };
		18CE227317C6582800B6DB8E /* file.cpp */ = {isa = PBXFileReference; fileEncoding = 4; lastKnownFileType = sourcecode.cpp.cpp; path = file.cpp; sourceTree = "<group>"; };
		18CE227417C6582800B6DB8E /* file.h */ = {isa = PBXFileReference; fileEncoding = 4; lastKnownFileType = sourcecode.c.h; path = file.h; sourceTree = "<group>"; };
		18CE227517C6582800B6DB8E /* NativeClass.cpp */ = {isa = PBXFileReference; fileEncoding = 4; lastKnownFileType = sourcecode.cpp.cpp; path = NativeClass.cpp; sourceTree = "<group>"; };
		18CE227617C6582800B6DB8E /* NativeClass.h */ = {isa = PBXFileReference; fileEncoding = 4; lastKnownFileType = sourcecode.c.h; path = NativeClass.h; sourceTree = "<group>"; };
		18CE227717C6582800B6DB8E /* ptr_util.h */ = {isa = PBXFileReference; fileEncoding = 4; lastKnownFileType = sourcecode.c.h; path = ptr_util.h; sourceTree = "<group>"; };
		18CE227917C6582800B6DB8E /* bytebuffer.cpp */ = {isa = PBXFileReference; fileEncoding = 4; lastKnownFileType = sourcecode.cpp.cpp; path = bytebuffer.cpp; sourceTree = "<group>"; };
		18CE227A17C6582800B6DB8E /* bytebuffer.h */ = {isa = PBXFileReference; fileEncoding = 4; lastKnownFileType = sourcecode.c.h; path = bytebuffer.h; sourceTree = "<group>"; };
		18CE227B17C6582800B6DB8E /* ClassBase.cpp */ = {isa = PBXFileReference; fileEncoding = 4; lastKnownFileType = sourcecode.cpp.cpp; path = ClassBase.cpp; sourceTree = "<group>"; };
		18CE227C17C6582800B6DB8E /* ClassBase.h */ = {isa = PBXFileReference; fileEncoding = 4; lastKnownFileType = sourcecode.c.h; path = ClassBase.h; sourceTree = "<group>"; };
		18CE227D17C6582800B6DB8E /* ClassWrap.h */ = {isa = PBXFileReference; fileEncoding = 4; lastKnownFileType = sourcecode.c.h; path = ClassWrap.h; sourceTree = "<group>"; };
		18CE227E17C6582800B6DB8E /* JSObject.cpp */ = {isa = PBXFileReference; fileEncoding = 4; lastKnownFileType = sourcecode.cpp.cpp; path = JSObject.cpp; sourceTree = "<group>"; };
		18CE227F17C6582800B6DB8E /* JSObject.h */ = {isa = PBXFileReference; fileEncoding = 4; lastKnownFileType = sourcecode.c.h; path = JSObject.h; sourceTree = "<group>"; };
		18CE228017C6582800B6DB8E /* Module.h */ = {isa = PBXFileReference; fileEncoding = 4; lastKnownFileType = sourcecode.c.h; path = Module.h; sourceTree = "<group>"; };
		18CE228117C6582800B6DB8E /* sturctures.h */ = {isa = PBXFileReference; fileEncoding = 4; lastKnownFileType = sourcecode.c.h; path = sturctures.h; sourceTree = "<group>"; };
		18CE228217C6582800B6DB8E /* v8Utils.h */ = {isa = PBXFileReference; fileEncoding = 4; lastKnownFileType = sourcecode.c.h; path = v8Utils.h; sourceTree = "<group>"; };
		18CE228417C6582800B6DB8E /* array.cpp */ = {isa = PBXFileReference; fileEncoding = 4; lastKnownFileType = sourcecode.cpp.cpp; path = array.cpp; sourceTree = "<group>"; };
		18CE228517C6582800B6DB8E /* array.h */ = {isa = PBXFileReference; fileEncoding = 4; lastKnownFileType = sourcecode.c.h; path = array.h; sourceTree = "<group>"; };
		18CE228717C6582800B6DB8E /* glmopt.cpp */ = {isa = PBXFileReference; fileEncoding = 4; lastKnownFileType = sourcecode.cpp.cpp; path = glmopt.cpp; sourceTree = "<group>"; };
		18CE228817C6582800B6DB8E /* glmopt.h */ = {isa = PBXFileReference; fileEncoding = 4; lastKnownFileType = sourcecode.c.h; path = glmopt.h; sourceTree = "<group>"; };
		18CE228917C6582800B6DB8E /* matrix.h */ = {isa = PBXFileReference; fileEncoding = 4; lastKnownFileType = sourcecode.c.h; path = matrix.h; sourceTree = "<group>"; };
		18CE228A17C6582800B6DB8E /* matrix_inl.h */ = {isa = PBXFileReference; fileEncoding = 4; lastKnownFileType = sourcecode.c.h; path = matrix_inl.h; sourceTree = "<group>"; };
		18CE228B17C6582800B6DB8E /* vector.h */ = {isa = PBXFileReference; fileEncoding = 4; lastKnownFileType = sourcecode.c.h; path = vector.h; sourceTree = "<group>"; };
		18CE228C17C6582800B6DB8E /* vector_inl.h */ = {isa = PBXFileReference; fileEncoding = 4; lastKnownFileType = sourcecode.c.h; path = vector_inl.h; sourceTree = "<group>"; };
		18CE229217C6582800B6DB8E /* Console.cpp */ = {isa = PBXFileReference; fileEncoding = 4; lastKnownFileType = sourcecode.cpp.cpp; path = Console.cpp; sourceTree = "<group>"; };
		18CE229317C6582800B6DB8E /* Console.h */ = {isa = PBXFileReference; fileEncoding = 4; lastKnownFileType = sourcecode.c.h; path = Console.h; sourceTree = "<group>"; };
		18CE229417C6582800B6DB8E /* GLBinding.cpp */ = {isa = PBXFileReference; fileEncoding = 4; lastKnownFileType = sourcecode.cpp.cpp; path = GLBinding.cpp; sourceTree = "<group>"; };
		18CE229517C6582800B6DB8E /* GLBinding.h */ = {isa = PBXFileReference; fileEncoding = 4; lastKnownFileType = sourcecode.c.h; path = GLBinding.h; sourceTree = "<group>"; };
		18CE229617C6582800B6DB8E /* modules.h */ = {isa = PBXFileReference; fileEncoding = 4; lastKnownFileType = sourcecode.c.h; path = modules.h; sourceTree = "<group>"; };
		18CE2CBA17C6582B00B6DB8E /* arraybuffer.cpp */ = {isa = PBXFileReference; fileEncoding = 4; lastKnownFileType = sourcecode.cpp.cpp; path = arraybuffer.cpp; sourceTree = "<group>"; };
		18CE2CBB17C6582B00B6DB8E /* arraybuffer.h */ = {isa = PBXFileReference; fileEncoding = 4; lastKnownFileType = sourcecode.c.h; path = arraybuffer.h; sourceTree = "<group>"; };
		18CE2CBC17C6582B00B6DB8E /* arraybufferview.cpp */ = {isa = PBXFileReference; fileEncoding = 4; lastKnownFileType = sourcecode.cpp.cpp; path = arraybufferview.cpp; sourceTree = "<group>"; };
		18CE2CBD17C6582B00B6DB8E /* arraybufferview.h */ = {isa = PBXFileReference; fileEncoding = 4; lastKnownFileType = sourcecode.c.h; path = arraybufferview.h; sourceTree = "<group>"; };
		18CE2CBE17C6582B00B6DB8E /* typedbuffer.h */ = {isa = PBXFileReference; fileEncoding = 4; lastKnownFileType = sourcecode.c.h; path = typedbuffer.h; sourceTree = "<group>"; };
		18CE2CC017C6582B00B6DB8E /* AssetUtil.cpp */ = {isa = PBXFileReference; fileEncoding = 4; lastKnownFileType = sourcecode.cpp.cpp; path = AssetUtil.cpp; sourceTree = "<group>"; };
		18CE2CC117C6582B00B6DB8E /* AssetUtil.h */ = {isa = PBXFileReference; fileEncoding = 4; lastKnownFileType = sourcecode.c.h; path = AssetUtil.h; sourceTree = "<group>"; };
		18CE34B517C7B7E400B6DB8E /* Arguments.cpp */ = {isa = PBXFileReference; fileEncoding = 4; lastKnownFileType = sourcecode.cpp.cpp; path = Arguments.cpp; sourceTree = "<group>"; };
		18CE34B617C7B7E400B6DB8E /* Arguments.h */ = {isa = PBXFileReference; fileEncoding = 4; lastKnownFileType = sourcecode.c.h; path = Arguments.h; sourceTree = "<group>"; };
		18DF8A7417DEB7EA007A2A31 /* gcobserver.cpp */ = {isa = PBXFileReference; fileEncoding = 4; lastKnownFileType = sourcecode.cpp.cpp; path = gcobserver.cpp; sourceTree = "<group>"; };
		18DF8A7517DEB7EA007A2A31 /* gcobserver.h */ = {isa = PBXFileReference; fileEncoding = 4; lastKnownFileType = sourcecode.c.h; path = gcobserver.h; sourceTree = "<group>"; };
		18DF8A7717DED9FF007A2A31 /* TestGc.cpp */ = {isa = PBXFileReference; fileEncoding = 4; lastKnownFileType = sourcecode.cpp.cpp; path = TestGc.cpp; sourceTree = "<group>"; };
		18DF8A7817DED9FF007A2A31 /* TestGc.h */ = {isa = PBXFileReference; fileEncoding = 4; lastKnownFileType = sourcecode.c.h; path = TestGc.h; sourceTree = "<group>"; };
		18DF8A7D17DF369E007A2A31 /* eventstructor.cpp */ = {isa = PBXFileReference; fileEncoding = 4; lastKnownFileType = sourcecode.cpp.cpp; path = eventstructor.cpp; sourceTree = "<group>"; };
		18DF8A7E17DF369E007A2A31 /* eventstructor.h */ = {isa = PBXFileReference; fileEncoding = 4; lastKnownFileType = sourcecode.c.h; path = eventstructor.h; sourceTree = "<group>"; };
		18EDB76617B763B0002E00CE /* global.h */ = {isa = PBXFileReference; lastKnownFileType = sourcecode.c.h; path = global.h; sourceTree = "<group>"; };
		18EDB76717B7698C002E00CE /* OpenGL.framework */ = {isa = PBXFileReference; lastKnownFileType = wrapper.framework; name = OpenGL.framework; path = System/Library/Frameworks/OpenGL.framework; sourceTree = SDKROOT; };
		18EDB76917B76992002E00CE /* GLUT.framework */ = {isa = PBXFileReference; lastKnownFileType = wrapper.framework; name = GLUT.framework; path = System/Library/Frameworks/GLUT.framework; sourceTree = SDKROOT; };
		18EDB76B17B76C1F002E00CE /* assets */ = {isa = PBXFileReference; lastKnownFileType = folder; path = assets; sourceTree = "<group>"; };
		18EDB7A117B77E83002E00CE /* SenTestingKit.framework */ = {isa = PBXFileReference; lastKnownFileType = wrapper.framework; name = SenTestingKit.framework; path = Library/Frameworks/SenTestingKit.framework; sourceTree = DEVELOPER_DIR; };
/* End PBXFileReference section */

/* Begin PBXFrameworksBuildPhase section */
		18282099179AFFCB003125B5 /* Frameworks */ = {
			isa = PBXFrameworksBuildPhase;
			buildActionMask = 2147483647;
			files = (
				183CE5C617D2934C00ADD5CE /* libz.dylib in Frameworks */,
				18A2B6AE17C39A7B00C5F951 /* libv8_base.x64.a in Frameworks */,
				18A2B6AF17C39A7B00C5F951 /* libv8_snapshot.a in Frameworks */,
				18EDB76A17B76992002E00CE /* GLUT.framework in Frameworks */,
				18EDB76817B7698C002E00CE /* OpenGL.framework in Frameworks */,
			);
			runOnlyForDeploymentPostprocessing = 0;
		};
/* End PBXFrameworksBuildPhase section */

/* Begin PBXGroup section */
		18282091179AFFCB003125B5 = {
			isa = PBXGroup;
			children = (
				183CE5C517D2934C00ADD5CE /* libz.dylib */,
				18A2B6AC17C39A7B00C5F951 /* libv8_base.x64.a */,
				18A2B6AD17C39A7B00C5F951 /* libv8_snapshot.a */,
				18EDB76917B76992002E00CE /* GLUT.framework */,
				18EDB76717B7698C002E00CE /* OpenGL.framework */,
				18AFB48917AE06A900B7AFDA /* libv8_base.x64.a */,
				18AFB48B17AE06A900B7AFDA /* libv8_snapshot.a */,
				1828209F179AFFCB003125B5 /* v8 */,
				18EDB77117B77E82002E00CE /* Frameworks */,
				1828209D179AFFCB003125B5 /* Products */,
			);
			sourceTree = "<group>";
		};
		1828209D179AFFCB003125B5 /* Products */ = {
			isa = PBXGroup;
			children = (
				1828209C179AFFCB003125B5 /* v8 */,
			);
			name = Products;
			sourceTree = "<group>";
		};
		1828209F179AFFCB003125B5 /* v8 */ = {
			isa = PBXGroup;
			children = (
				183CE4A517D2917100ADD5CE /* platform_external_libpng */,
				18A6D24B17C7455C004931FD /* global.cpp */,
				18CE224717C6582800B6DB8E /* app */,
				18CE227117C6582800B6DB8E /* classes */,
				18CE227817C6582800B6DB8E /* core */,
				18CE228317C6582800B6DB8E /* functions */,
				18CE228617C6582800B6DB8E /* glm */,
				18CE228D17C6582800B6DB8E /* modules */,
				18CE2CB917C6582B00B6DB8E /* typedbuffer */,
				18CE2CBF17C6582B00B6DB8E /* utils */,
				18EDB76B17B76C1F002E00CE /* assets */,
				182820A0179AFFCB003125B5 /* main.cpp */,
				18DF8A7717DED9FF007A2A31 /* TestGc.cpp */,
				18DF8A7817DED9FF007A2A31 /* TestGc.h */,
				18EDB76617B763B0002E00CE /* global.h */,
			);
			path = v8;
			sourceTree = "<group>";
		};
		183CE4A517D2917100ADD5CE /* platform_external_libpng */ = {
			isa = PBXGroup;
			children = (
				183CE5C317D2924500ADD5CE /* pngpread.c */,
				183CE51817D2917200ADD5CE /* png.c */,
				183CE51917D2917200ADD5CE /* png.h */,
				183CE51C17D2917200ADD5CE /* pngconf.h */,
				183CE51D17D2917200ADD5CE /* pngerror.c */,
				183CE51E17D2917200ADD5CE /* pnggccrd.c */,
				183CE51F17D2917200ADD5CE /* pngget.c */,
				183CE52017D2917200ADD5CE /* pngmem.c */,
				183CE52317D2917200ADD5CE /* pngread.c */,
				183CE52417D2917200ADD5CE /* pngrio.c */,
				183CE52517D2917200ADD5CE /* pngrtran.c */,
				183CE52617D2917200ADD5CE /* pngrutil.c */,
				183CE52717D2917200ADD5CE /* pngset.c */,
				183CE52A17D2917200ADD5CE /* pngtrans.c */,
				183CE52B17D2917200ADD5CE /* pngusr.h */,
				183CE52C17D2917200ADD5CE /* pngvcrd.c */,
				183CE52D17D2917200ADD5CE /* pngwio.c */,
				183CE52E17D2917200ADD5CE /* pngwrite.c */,
				183CE52F17D2917200ADD5CE /* pngwtran.c */,
				183CE53017D2917200ADD5CE /* pngwutil.c */,
			);
			name = platform_external_libpng;
			path = deps/platform_external_libpng;
			sourceTree = SOURCE_ROOT;
		};
		18CE224717C6582800B6DB8E /* app */ = {
			isa = PBXGroup;
			children = (
				18CE224817C6582800B6DB8E /* Application.cpp */,
				18CE224917C6582800B6DB8E /* Application.h */,
				18CE224A17C6582800B6DB8E /* ArrayBufferAllocator.cpp */,
				18CE224B17C6582800B6DB8E /* ArrayBufferAllocator.h */,
				18CE224C17C6582800B6DB8E /* node.h */,
			);
			path = app;
			sourceTree = "<group>";
		};
		18CE227117C6582800B6DB8E /* classes */ = {
			isa = PBXGroup;
			children = (
				18CE227217C6582800B6DB8E /* classenum.h */,
				18CE227317C6582800B6DB8E /* file.cpp */,
				18CE227417C6582800B6DB8E /* file.h */,
				18CE227517C6582800B6DB8E /* NativeClass.cpp */,
				18CE227617C6582800B6DB8E /* NativeClass.h */,
				18CE227717C6582800B6DB8E /* ptr_util.h */,
				18DF8A7417DEB7EA007A2A31 /* gcobserver.cpp */,
				18DF8A7517DEB7EA007A2A31 /* gcobserver.h */,
			);
			path = classes;
			sourceTree = "<group>";
		};
		18CE227817C6582800B6DB8E /* core */ = {
			isa = PBXGroup;
			children = (
				18A6D24D17C75CBE004931FD /* v8Utils.cpp */,
				18CE227917C6582800B6DB8E /* bytebuffer.cpp */,
				18CE227A17C6582800B6DB8E /* bytebuffer.h */,
				18CE227B17C6582800B6DB8E /* ClassBase.cpp */,
				18CE227C17C6582800B6DB8E /* ClassBase.h */,
				18CE227D17C6582800B6DB8E /* ClassWrap.h */,
				18CE227E17C6582800B6DB8E /* JSObject.cpp */,
				18CE227F17C6582800B6DB8E /* JSObject.h */,
				18CE228017C6582800B6DB8E /* Module.h */,
				18CE228117C6582800B6DB8E /* sturctures.h */,
				18CE228217C6582800B6DB8E /* v8Utils.h */,
			);
			path = core;
			sourceTree = "<group>";
		};
		18CE228317C6582800B6DB8E /* functions */ = {
			isa = PBXGroup;
			children = (
				18CE228417C6582800B6DB8E /* array.cpp */,
				18CE228517C6582800B6DB8E /* array.h */,
				18A6D24A17C6FEBF004931FD /* clone.h */,
			);
			path = functions;
			sourceTree = "<group>";
		};
		18CE228617C6582800B6DB8E /* glm */ = {
			isa = PBXGroup;
			children = (
				18CE228717C6582800B6DB8E /* glmopt.cpp */,
				18CE228817C6582800B6DB8E /* glmopt.h */,
				18CE228917C6582800B6DB8E /* matrix.h */,
				18CE228A17C6582800B6DB8E /* matrix_inl.h */,
				18CE228B17C6582800B6DB8E /* vector.h */,
				18CE228C17C6582800B6DB8E /* vector_inl.h */,
			);
			path = glm;
			sourceTree = "<group>";
		};
		18CE228D17C6582800B6DB8E /* modules */ = {
			isa = PBXGroup;
			children = (
				183CE6BE17D2F76000ADD5CE /* CCTexture2D.cpp */,
				183CE6BF17D2F76000ADD5CE /* CCTexture2D.h */,
				183CE6B817D2DF2500ADD5CE /* CCImage.cpp */,
				18B3EA9317D1DEB6009E78A2 /* CCImage.h */,
				18CE229217C6582800B6DB8E /* Console.cpp */,
				18CE229317C6582800B6DB8E /* Console.h */,
				18CE229417C6582800B6DB8E /* GLBinding.cpp */,
				18CE229517C6582800B6DB8E /* GLBinding.h */,
				18CE229617C6582800B6DB8E /* modules.h */,
				183CE6C517D34A6B00ADD5CE /* Image.cpp */,
				183CE6C617D34A6C00ADD5CE /* Image.h */,
				18DF8A7D17DF369E007A2A31 /* eventstructor.cpp */,
				18DF8A7E17DF369E007A2A31 /* eventstructor.h */,
			);
			path = modules;
			sourceTree = "<group>";
		};
		18CE2CB917C6582B00B6DB8E /* typedbuffer */ = {
			isa = PBXGroup;
			children = (
				18CE2CBA17C6582B00B6DB8E /* arraybuffer.cpp */,
				18CE2CBB17C6582B00B6DB8E /* arraybuffer.h */,
				18CE2CBC17C6582B00B6DB8E /* arraybufferview.cpp */,
				18CE2CBD17C6582B00B6DB8E /* arraybufferview.h */,
				18CE2CBE17C6582B00B6DB8E /* typedbuffer.h */,
			);
			path = typedbuffer;
			sourceTree = "<group>";
		};
		18CE2CBF17C6582B00B6DB8E /* utils */ = {
			isa = PBXGroup;
			children = (
				18CE2CC017C6582B00B6DB8E /* AssetUtil.cpp */,
				18CE2CC117C6582B00B6DB8E /* AssetUtil.h */,
				18CE34B517C7B7E400B6DB8E /* Arguments.cpp */,
				18CE34B617C7B7E400B6DB8E /* Arguments.h */,
			);
			path = utils;
			sourceTree = "<group>";
		};
		18EDB77117B77E82002E00CE /* Frameworks */ = {
			isa = PBXGroup;
			children = (
				18EDB7A117B77E83002E00CE /* SenTestingKit.framework */,
			);
			name = Frameworks;
			sourceTree = "<group>";
		};
/* End PBXGroup section */

/* Begin PBXNativeTarget section */
		1828209B179AFFCB003125B5 /* v8 */ = {
			isa = PBXNativeTarget;
			buildConfigurationList = 182820A6179AFFCB003125B5 /* Build configuration list for PBXNativeTarget "v8" */;
			buildPhases = (
				18282098179AFFCB003125B5 /* Sources */,
				18282099179AFFCB003125B5 /* Frameworks */,
				1828209A179AFFCB003125B5 /* CopyFiles */,
			);
			buildRules = (
			);
			dependencies = (
			);
			name = v8;
			productName = v8;
			productReference = 1828209C179AFFCB003125B5 /* v8 */;
			productType = "com.apple.product-type.tool";
		};
/* End PBXNativeTarget section */

/* Begin PBXProject section */
		18282093179AFFCB003125B5 /* Project object */ = {
			isa = PBXProject;
			attributes = {
				LastUpgradeCheck = 0440;
				ORGANIZATIONNAME = jie;
			};
			buildConfigurationList = 18282096179AFFCB003125B5 /* Build configuration list for PBXProject "v8" */;
			compatibilityVersion = "Xcode 3.2";
			developmentRegion = English;
			hasScannedForEncodings = 0;
			knownRegions = (
				en,
			);
			mainGroup = 18282091179AFFCB003125B5;
			productRefGroup = 1828209D179AFFCB003125B5 /* Products */;
			projectDirPath = "";
			projectRoot = "";
			targets = (
				1828209B179AFFCB003125B5 /* v8 */,
			);
		};
/* End PBXProject section */

/* Begin PBXSourcesBuildPhase section */
		18282098179AFFCB003125B5 /* Sources */ = {
			isa = PBXSourcesBuildPhase;
			buildActionMask = 2147483647;
			files = (
				182820A1179AFFCB003125B5 /* main.cpp in Sources */,
				18CE2CC217C6582C00B6DB8E /* Application.cpp in Sources */,
				18CE2CC317C6582C00B6DB8E /* ArrayBufferAllocator.cpp in Sources */,
				18CE2CCF17C6582C00B6DB8E /* file.cpp in Sources */,
				18CE2CD017C6582C00B6DB8E /* NativeClass.cpp in Sources */,
				18CE2CD117C6582C00B6DB8E /* bytebuffer.cpp in Sources */,
				18CE2CD217C6582C00B6DB8E /* ClassBase.cpp in Sources */,
				18CE2CD317C6582C00B6DB8E /* JSObject.cpp in Sources */,
				18CE2CD417C6582C00B6DB8E /* array.cpp in Sources */,
				18CE2CD517C6582C00B6DB8E /* glmopt.cpp in Sources */,
				18CE2CD817C6582C00B6DB8E /* Console.cpp in Sources */,
				18CE2CD917C6582C00B6DB8E /* GLBinding.cpp in Sources */,
				18CE34AE17C6582D00B6DB8E /* arraybuffer.cpp in Sources */,
				18CE34AF17C6582D00B6DB8E /* arraybufferview.cpp in Sources */,
				18CE34B017C6582D00B6DB8E /* AssetUtil.cpp in Sources */,
				18A6D24C17C7455D004931FD /* global.cpp in Sources */,
				18A6D24E17C75CBE004931FD /* v8Utils.cpp in Sources */,
				18CE34B717C7B7E400B6DB8E /* Arguments.cpp in Sources */,
				183CE5AB17D2917200ADD5CE /* png.c in Sources */,
				183CE5AC17D2917200ADD5CE /* pngerror.c in Sources */,
				183CE5AD17D2917200ADD5CE /* pnggccrd.c in Sources */,
				183CE5AE17D2917200ADD5CE /* pngget.c in Sources */,
				183CE5AF17D2917200ADD5CE /* pngmem.c in Sources */,
				183CE5B117D2917200ADD5CE /* pngread.c in Sources */,
				183CE5B217D2917200ADD5CE /* pngrio.c in Sources */,
				183CE5B317D2917200ADD5CE /* pngrtran.c in Sources */,
				183CE5B417D2917200ADD5CE /* pngrutil.c in Sources */,
				183CE5B517D2917200ADD5CE /* pngset.c in Sources */,
				183CE5B717D2917200ADD5CE /* pngtrans.c in Sources */,
				183CE5B817D2917200ADD5CE /* pngvcrd.c in Sources */,
				183CE5B917D2917200ADD5CE /* pngwio.c in Sources */,
				183CE5BA17D2917200ADD5CE /* pngwrite.c in Sources */,
				183CE5BB17D2917200ADD5CE /* pngwtran.c in Sources */,
				183CE5BC17D2917200ADD5CE /* pngwutil.c in Sources */,
				183CE5C417D2924500ADD5CE /* pngpread.c in Sources */,
				183CE6B917D2DF2500ADD5CE /* CCImage.cpp in Sources */,
				183CE6C017D2F76100ADD5CE /* CCTexture2D.cpp in Sources */,
				183CE6C717D34A6C00ADD5CE /* Image.cpp in Sources */,
				18DF8A7617DEB7EA007A2A31 /* gcobserver.cpp in Sources */,
				18DF8A7917DED9FF007A2A31 /* TestGc.cpp in Sources */,
				18DF8A7F17DF369E007A2A31 /* eventstructor.cpp in Sources */,
			);
			runOnlyForDeploymentPostprocessing = 0;
		};
/* End PBXSourcesBuildPhase section */

/* Begin XCBuildConfiguration section */
		182820A4179AFFCB003125B5 /* Debug */ = {
			isa = XCBuildConfiguration;
			buildSettings = {
				ALWAYS_SEARCH_USER_PATHS = NO;
				ARCHS = "$(ARCHS_STANDARD_64_BIT)";
				CLANG_CXX_LANGUAGE_STANDARD = "gnu++0x";
				CLANG_ENABLE_OBJC_ARC = YES;
				CLANG_WARN__DUPLICATE_METHOD_MATCH = YES;
				COPY_PHASE_STRIP = NO;
				GCC_C_LANGUAGE_STANDARD = gnu99;
				GCC_DYNAMIC_NO_PIC = NO;
				GCC_ENABLE_OBJC_EXCEPTIONS = YES;
				GCC_OPTIMIZATION_LEVEL = 0;
				GCC_PREPROCESSOR_DEFINITIONS = (
					"DEBUG=1",
					"$(inherited)",
				);
				GCC_SYMBOLS_PRIVATE_EXTERN = NO;
				GCC_WARN_64_TO_32_BIT_CONVERSION = YES;
				GCC_WARN_ABOUT_RETURN_TYPE = YES;
				GCC_WARN_UNINITIALIZED_AUTOS = YES;
				GCC_WARN_UNUSED_VARIABLE = YES;
				"HEADER_SEARCH_PATHS[arch=*]" = (
					$SRCROOT/v8/glm,
					$SRCROOT/deps/v8/include,
				);
				MACOSX_DEPLOYMENT_TARGET = 10.7;
				ONLY_ACTIVE_ARCH = YES;
				SDKROOT = macosx;
				USER_HEADER_SEARCH_PATHS = "";
				"USER_HEADER_SEARCH_PATHS[arch=*]" = "";
			};
			name = Debug;
		};
		182820A5179AFFCB003125B5 /* Release */ = {
			isa = XCBuildConfiguration;
			buildSettings = {
				ALWAYS_SEARCH_USER_PATHS = NO;
				ARCHS = "$(ARCHS_STANDARD_64_BIT)";
				CLANG_CXX_LANGUAGE_STANDARD = "gnu++0x";
				CLANG_ENABLE_OBJC_ARC = YES;
				CLANG_WARN__DUPLICATE_METHOD_MATCH = YES;
				COPY_PHASE_STRIP = YES;
				DEBUG_INFORMATION_FORMAT = "dwarf-with-dsym";
				GCC_C_LANGUAGE_STANDARD = gnu99;
				GCC_ENABLE_OBJC_EXCEPTIONS = YES;
				GCC_WARN_64_TO_32_BIT_CONVERSION = YES;
				GCC_WARN_ABOUT_RETURN_TYPE = YES;
				GCC_WARN_UNINITIALIZED_AUTOS = YES;
				GCC_WARN_UNUSED_VARIABLE = YES;
				"HEADER_SEARCH_PATHS[arch=*]" = (
					"$SRCROOT/v8/glm/**",
					$SRCROOT/deps/v8/include,
				);
				MACOSX_DEPLOYMENT_TARGET = 10.7;
				SDKROOT = macosx;
				USER_HEADER_SEARCH_PATHS = "";
				"USER_HEADER_SEARCH_PATHS[arch=*]" = "";
			};
			name = Release;
		};
		182820A7179AFFCB003125B5 /* Debug */ = {
			isa = XCBuildConfiguration;
			buildSettings = {
				"HEADER_SEARCH_PATHS[arch=*]" = (
					/Users/jie/git/node/deps/v8/include,
					"$SRCROOT/deps/glm/**",
					$SRCROOT/deps/platform_external_libpng,
				);
				LIBRARY_SEARCH_PATHS = (
					"$(inherited)",
					"\"$(SRCROOT)/../../git/node/deps/v8/out/x64.debug\"",
					"\"$(SRCROOT)/deps/v8\"",
					"\"$(SRCROOT)/..\"",
				);
				PRODUCT_NAME = "$(TARGET_NAME)";
			};
			name = Debug;
		};
		182820A8179AFFCB003125B5 /* Release */ = {
			isa = XCBuildConfiguration;
			buildSettings = {
				"HEADER_SEARCH_PATHS[arch=*]" = (
					/Users/jie/xcodespace/v8/v8/include,
					"$SRCROOT/deps/glm/**",
					$SRCROOT/deps/platform_external_libpng,
				);
				LIBRARY_SEARCH_PATHS = (
					"$(inherited)",
					"\"$(SRCROOT)/../../git/node/deps/v8/out/x64.debug\"",
					"\"$(SRCROOT)/deps/v8\"",
					"\"$(SRCROOT)/..\"",
				);
				PRODUCT_NAME = "$(TARGET_NAME)";
			};
			name = Release;
		};
/* End XCBuildConfiguration section */

/* Begin XCConfigurationList section */
		18282096179AFFCB003125B5 /* Build configuration list for PBXProject "v8" */ = {
			isa = XCConfigurationList;
			buildConfigurations = (
				182820A4179AFFCB003125B5 /* Debug */,
				182820A5179AFFCB003125B5 /* Release */,
			);
			defaultConfigurationIsVisible = 0;
			defaultConfigurationName = Release;
		};
		182820A6179AFFCB003125B5 /* Build configuration list for PBXNativeTarget "v8" */ = {
			isa = XCConfigurationList;
			buildConfigurations = (
				182820A7179AFFCB003125B5 /* Debug */,
				182820A8179AFFCB003125B5 /* Release */,
			);
			defaultConfigurationIsVisible = 0;
			defaultConfigurationName = Release;
		};
/* End XCConfigurationList section */
	};
	rootObject = 18282093179AFFCB003125B5 /* Project object */;
}
